
Microsoft Visual Studio Solution File, Format Version 12.00
# Visual Studio Version 16
VisualStudioVersion = 16.0.31410.357
MinimumVisualStudioVersion = 10.0.40219.1
Project("{FAE04EC0-301F-11D3-BF4B-00C04F79EFBC}") = "BlazorBattles.Server", "BlazorBattles\Server\BlazorBattles.Server.csproj", "{260509E3-EBEC-4E31-B541-FD636457CDD4}"
EndProject
Project("{FAE04EC0-301F-11D3-BF4B-00C04F79EFBC}") = "BlazorBattles.Client", "BlazorBattles\Client\BlazorBattles.Client.csproj", "{89217AAF-E860-4859-9ABB-7B0B5D54C4AB}"
EndProject
Project("{FAE04EC0-301F-11D3-BF4B-00C04F79EFBC}") = "BlazorBattles.Shared", "BlazorBattles\Shared\BlazorBattles.Shared.csproj", "{B2B3042F-5628-44FD-9A01-1CA4E5EBA4F2}"
EndProject
Global
	GlobalSection(SolutionConfigurationPlatforms) = preSolution
		Debug|Any CPU = Debug|Any CPU
		Release|Any CPU = Release|Any CPU
	EndGlobalSection
	GlobalSection(ProjectConfigurationPlatforms) = postSolution
		{260509E3-EBEC-4E31-B541-FD636457CDD4}.Debug|Any CPU.ActiveCfg = Debug|Any CPU
		{260509E3-EBEC-4E31-B541-FD636457CDD4}.Debug|Any CPU.Build.0 = Debug|Any CPU
		{260509E3-EBEC-4E31-B541-FD636457CDD4}.Release|Any CPU.ActiveCfg = Release|Any CPU
		{260509E3-EBEC-4E31-B541-FD636457CDD4}.Release|Any CPU.Build.0 = Release|Any CPU
		{89217AAF-E860-4859-9ABB-7B0B5D54C4AB}.Debug|Any CPU.ActiveCfg = Debug|Any CPU
		{89217AAF-E860-4859-9ABB-7B0B5D54C4AB}.Debug|Any CPU.Build.0 = Debug|Any CPU
		{89217AAF-E860-4859-9ABB-7B0B5D54C4AB}.Release|Any CPU.ActiveCfg = Release|Any CPU
		{89217AAF-E860-4859-9ABB-7B0B5D54C4AB}.Release|Any CPU.Build.0 = Release|Any CPU
		{B2B3042F-5628-44FD-9A01-1CA4E5EBA4F2}.Debug|Any CPU.ActiveCfg = Debug|Any CPU
		{B2B3042F-5628-44FD-9A01-1CA4E5EBA4F2}.Debug|Any CPU.Build.0 = Debug|Any CPU
		{B2B3042F-5628-44FD-9A01-1CA4E5EBA4F2}.Release|Any CPU.ActiveCfg = Release|Any CPU
		{B2B3042F-5628-44FD-9A01-1CA4E5EBA4F2}.Release|Any CPU.Build.0 = Release|Any CPU
	EndGlobalSection
	GlobalSection(SolutionProperties) = preSolution
		HideSolutionNode = FALSE
	EndGlobalSection
	GlobalSection(ExtensibilityGlobals) = postSolution
		SolutionGuid = {E0BF45DA-36F8-49C9-91B6-DD818ACB036D}
	EndGlobalSection
EndGlobal
